
Microsoft Visual Studio Solution File, Format Version 12.00
# Visual Studio Version 16
VisualStudioVersion = 16.0.29920.165
MinimumVisualStudioVersion = 10.0.40219.1
Project("{9A19103F-16F7-4668-BE54-9A1E7A4F7556}") = "SDL2-CS.Core", "SDL2-CS.Core.csproj", "{B95648C8-3AA3-4F7E-B9C1-9325CD443F08}"
EndProject
Global
	GlobalSection(SolutionConfigurationPlatforms) = preSolution
		Azure Pipelines Build|Any CPU = Azure Pipelines Build|Any CPU
		Azure Pipelines Build|x64 = Azure Pipelines Build|x64
		Azure Pipelines Build|x86 = Azure Pipelines Build|x86
		Debug|Any CPU = Debug|Any CPU
		Debug|x64 = Debug|x64
		Debug|x86 = Debug|x86
		Release|Any CPU = Release|Any CPU
		Release|x64 = Release|x64
		Release|x86 = Release|x86
	EndGlobalSection
	GlobalSection(ProjectConfigurationPlatforms) = postSolution
		{B95648C8-3AA3-4F7E-B9C1-9325CD443F08}.Azure Pipelines Build|Any CPU.ActiveCfg = Azure Pipelines Build|x64
		{B95648C8-3AA3-4F7E-B9C1-9325CD443F08}.Azure Pipelines Build|x64.ActiveCfg = Azure Pipelines Build|x64
		{B95648C8-3AA3-4F7E-B9C1-9325CD443F08}.Azure Pipelines Build|x86.ActiveCfg = Azure Pipelines Build|x64
		{B95648C8-3AA3-4F7E-B9C1-9325CD443F08}.Debug|Any CPU.ActiveCfg = Debug|x64
		{B95648C8-3AA3-4F7E-B9C1-9325CD443F08}.Debug|Any CPU.Build.0 = Debug|x64
		{B95648C8-3AA3-4F7E-B9C1-9325CD443F08}.Debug|x64.ActiveCfg = Debug|x64
		{B95648C8-3AA3-4F7E-B9C1-9325CD443F08}.Debug|x64.Build.0 = Debug|x64
		{B95648C8-3AA3-4F7E-B9C1-9325CD443F08}.Debug|x86.ActiveCfg = Debug|x64
		{B95648C8-3AA3-4F7E-B9C1-9325CD443F08}.Release|Any CPU.ActiveCfg = Release|x64
		{B95648C8-3AA3-4F7E-B9C1-9325CD443F08}.Release|x64.ActiveCfg = Release|x64
		{B95648C8-3AA3-4F7E-B9C1-9325CD443F08}.Release|x64.Build.0 = Release|x64
		{B95648C8-3AA3-4F7E-B9C1-9325CD443F08}.Release|x86.ActiveCfg = Release|x64
	EndGlobalSection
	GlobalSection(SolutionProperties) = preSolution
		HideSolutionNode = FALSE
	EndGlobalSection
	GlobalSection(ExtensibilityGlobals) = postSolution
		SolutionGuid = {8479FA27-096C-432A-BB63-5791F7E4209B}
	EndGlobalSection
	GlobalSection(MonoDevelopProperties) = preSolution
		StartupItem = SDL2-CS.csproj
	EndGlobalSection
EndGlobal
